// !$*UTF8*$!
{
	archiveVersion = 1;
	classes = {
	};
	objectVersion = 46;
	objects = {

/* Begin PBXBuildFile section */
		355E21571AD68D0000867EB0 /* main.cpp in Sources */ = {isa = PBXBuildFile; fileRef = 355E21561AD68D0000867EB0 /* main.cpp */; };
		355E21631AD68D4800867EB0 /* sudoku.cpp in Sources */ = {isa = PBXBuildFile; fileRef = 355E21611AD68D4800867EB0 /* sudoku.cpp */; };
/* End PBXBuildFile section */

/* Begin PBXCopyFilesBuildPhase section */
		355E21511AD68D0000867EB0 /* CopyFiles */ = {
			isa = PBXCopyFilesBuildPhase;
			buildActionMask = 2147483647;
			dstPath = /usr/share/man/man1/;
			dstSubfolderSpec = 0;
			files = (
			);
			runOnlyForDeploymentPostprocessing = 1;
		};
/* End PBXCopyFilesBuildPhase section */

/* Begin PBXFileReference section */
		355E21531AD68D0000867EB0 /* oving11 */ = {isa = PBXFileReference; explicitFileType = "compiled.mach-o.executable"; includeInIndex = 0; path = oving11; sourceTree = BUILT_PRODUCTS_DIR; };
		355E21561AD68D0000867EB0 /* main.cpp */ = {isa = PBXFileReference; lastKnownFileType = sourcecode.cpp.cpp; path = main.cpp; sourceTree = "<group>"; };
		355E215D1AD68D4800867EB0 /* board.txt */ = {isa = PBXFileReference; fileEncoding = 4; lastKnownFileType = text; path = board.txt; sourceTree = "<group>"; };
		355E215E1AD68D4800867EB0 /* fancysafearray.h */ = {isa = PBXFileReference; fileEncoding = 4; lastKnownFileType = sourcecode.c.h; path = fancysafearray.h; sourceTree = "<group>"; };
		355E215F1AD68D4800867EB0 /* oving11no.pdf */ = {isa = PBXFileReference; lastKnownFileType = image.pdf; path = oving11no.pdf; sourceTree = "<group>"; };
		355E21601AD68D4800867EB0 /* safearray.h */ = {isa = PBXFileReference; fileEncoding = 4; lastKnownFileType = sourcecode.c.h; path = safearray.h; sourceTree = "<group>"; };
		355E21611AD68D4800867EB0 /* sudoku.cpp */ = {isa = PBXFileReference; fileEncoding = 4; lastKnownFileType = sourcecode.cpp.cpp; path = sudoku.cpp; sourceTree = "<group>"; };
		355E21621AD68D4800867EB0 /* sudoku.h */ = {isa = PBXFileReference; fileEncoding = 4; lastKnownFileType = sourcecode.c.h; path = sudoku.h; sourceTree = "<group>"; };
/* End PBXFileReference section */

/* Begin PBXFrameworksBuildPhase section */
		355E21501AD68D0000867EB0 /* Frameworks */ = {
			isa = PBXFrameworksBuildPhase;
			buildActionMask = 2147483647;
			files = (
			);
			runOnlyForDeploymentPostprocessing = 0;
		};
/* End PBXFrameworksBuildPhase section */

/* Begin PBXGroup section */
		355E214A1AD68CFF00867EB0 = {
			isa = PBXGroup;
			children = (
				355E21551AD68D0000867EB0 /* oving11 */,
				355E21541AD68D0000867EB0 /* Products */,
			);
			sourceTree = "<group>";
		};
		355E21541AD68D0000867EB0 /* Products */ = {
			isa = PBXGroup;
			children = (
				355E21531AD68D0000867EB0 /* oving11 */,
			);
			name = Products;
			sourceTree = "<group>";
		};
		355E21551AD68D0000867EB0 /* oving11 */ = {
			isa = PBXGroup;
			children = (
				355E21561AD68D0000867EB0 /* main.cpp */,
				355E215D1AD68D4800867EB0 /* board.txt */,
				355E215E1AD68D4800867EB0 /* fancysafearray.h */,
				355E215F1AD68D4800867EB0 /* oving11no.pdf */,
				355E21601AD68D4800867EB0 /* safearray.h */,
				355E21611AD68D4800867EB0 /* sudoku.cpp */,
				355E21621AD68D4800867EB0 /* sudoku.h */,
			);
			path = oving11;
			sourceTree = "<group>";
		};
/* End PBXGroup section */

/* Begin PBXNativeTarget section */
		355E21521AD68D0000867EB0 /* oving11 */ = {
			isa = PBXNativeTarget;
			buildConfigurationList = 355E215A1AD68D0000867EB0 /* Build configuration list for PBXNativeTarget "oving11" */;
			buildPhases = (
				355E214F1AD68D0000867EB0 /* Sources */,
				355E21501AD68D0000867EB0 /* Frameworks */,
				355E21511AD68D0000867EB0 /* CopyFiles */,
			);
			buildRules = (
			);
			dependencies = (
			);
			name = oving11;
			productName = oving11;
			productReference = 355E21531AD68D0000867EB0 /* oving11 */;
			productType = "com.apple.product-type.tool";
		};
/* End PBXNativeTarget section */

/* Begin PBXProject section */
		355E214B1AD68D0000867EB0 /* Project object */ = {
			isa = PBXProject;
			attributes = {
				LastUpgradeCheck = 0620;
				ORGANIZATIONNAME = fredrik;
				TargetAttributes = {
					355E21521AD68D0000867EB0 = {
						CreatedOnToolsVersion = 6.2;
					};
				};
			};
			buildConfigurationList = 355E214E1AD68D0000867EB0 /* Build configuration list for PBXProject "oving11" */;
			compatibilityVersion = "Xcode 3.2";
			developmentRegion = English;
			hasScannedForEncodings = 0;
			knownRegions = (
				en,
			);
			mainGroup = 355E214A1AD68CFF00867EB0;
			productRefGroup = 355E21541AD68D0000867EB0 /* Products */;
			projectDirPath = "";
			projectRoot = "";
			targets = (
				355E21521AD68D0000867EB0 /* oving11 */,
			);
		};
/* End PBXProject section */

/* Begin PBXSourcesBuildPhase section */
		355E214F1AD68D0000867EB0 /* Sources */ = {
			isa = PBXSourcesBuildPhase;
			buildActionMask = 2147483647;
			files = (
				355E21631AD68D4800867EB0 /* sudoku.cpp in Sources */,
				355E21571AD68D0000867EB0 /* main.cpp in Sources */,
			);
			runOnlyForDeploymentPostprocessing = 0;
		};
/* End PBXSourcesBuildPhase section */

/* Begin XCBuildConfiguration section */
		355E21581AD68D0000867EB0 /* Debug */ = {
			isa = XCBuildConfiguration;
			buildSettings = {
				ALWAYS_SEARCH_USER_PATHS = NO;
				CLANG_CXX_LANGUAGE_STANDARD = "gnu++0x";
				CLANG_CXX_LIBRARY = "libc++";
				CLANG_ENABLE_MODULES = YES;
				CLANG_ENABLE_OBJC_ARC = YES;
				CLANG_WARN_BOOL_CONVERSION = YES;
				CLANG_WARN_CONSTANT_CONVERSION = YES;
				CLANG_WARN_DIRECT_OBJC_ISA_USAGE = YES_ERROR;
				CLANG_WARN_EMPTY_BODY = YES;
				CLANG_WARN_ENUM_CONVERSION = YES;
				CLANG_WARN_INT_CONVERSION = YES;
				CLANG_WARN_OBJC_ROOT_CLASS = YES_ERROR;
				CLANG_WARN_UNREACHABLE_CODE = YES;
				CLANG_WARN__DUPLICATE_METHOD_MATCH = YES;
				COPY_PHASE_STRIP = NO;
				ENABLE_STRICT_OBJC_MSGSEND = YES;
				GCC_C_LANGUAGE_STANDARD = gnu99;
				GCC_DYNAMIC_NO_PIC = NO;
				GCC_OPTIMIZATION_LEVEL = 0;
				GCC_PREPROCESSOR_DEFINITIONS = (
					"DEBUG=1",
					"$(inherited)",
				);
				GCC_SYMBOLS_PRIVATE_EXTERN = NO;
				GCC_WARN_64_TO_32_BIT_CONVERSION = YES;
				GCC_WARN_ABOUT_RETURN_TYPE = YES_ERROR;
				GCC_WARN_UNDECLARED_SELECTOR = YES;
				GCC_WARN_UNINITIALIZED_AUTOS = YES_AGGRESSIVE;
				GCC_WARN_UNUSED_FUNCTION = YES;
				GCC_WARN_UNUSED_VARIABLE = YES;
				MACOSX_DEPLOYMENT_TARGET = 10.10;
				MTL_ENABLE_DEBUG_INFO = YES;
				ONLY_ACTIVE_ARCH = YES;
				SDKROOT = macosx;
			};
			name = Debug;
		};
		355E21591AD68D0000867EB0 /* Release */ = {
			isa = XCBuildConfiguration;
			buildSettings = {
				ALWAYS_SEARCH_USER_PATHS = NO;
				CLANG_CXX_LANGUAGE_STANDARD = "gnu++0x";
				CLANG_CXX_LIBRARY = "libc++";
				CLANG_ENABLE_MODULES = YES;
				CLANG_ENABLE_OBJC_ARC = YES;
				CLANG_WARN_BOOL_CONVERSION = YES;
				CLANG_WARN_CONSTANT_CONVERSION = YES;
				CLANG_WARN_DIRECT_OBJC_ISA_USAGE = YES_ERROR;
				CLANG_WARN_EMPTY_BODY = YES;
				CLANG_WARN_ENUM_CONVERSION = YES;
				CLANG_WARN_INT_CONVERSION = YES;
				CLANG_WARN_OBJC_ROOT_CLASS = YES_ERROR;
				CLANG_WARN_UNREACHABLE_CODE = YES;
				CLANG_WARN__DUPLICATE_METHOD_MATCH = YES;
				COPY_PHASE_STRIP = NO;
				DEBUG_INFORMATION_FORMAT = "dwarf-with-dsym";
				ENABLE_NS_ASSERTIONS = NO;
				ENABLE_STRICT_OBJC_MSGSEND = YES;
				GCC_C_LANGUAGE_STANDARD = gnu99;
				GCC_WARN_64_TO_32_BIT_CONVERSION = YES;
				GCC_WARN_ABOUT_RETURN_TYPE = YES_ERROR;
				GCC_WARN_UNDECLARED_SELECTOR = YES;
				GCC_WARN_UNINITIALIZED_AUTOS = YES_AGGRESSIVE;
				GCC_WARN_UNUSED_FUNCTION = YES;
				GCC_WARN_UNUSED_VARIABLE = YES;
				MACOSX_DEPLOYMENT_TARGET = 10.10;
				MTL_ENABLE_DEBUG_INFO = NO;
				SDKROOT = macosx;
			};
			name = Release;
		};
		355E215B1AD68D0000867EB0 /* Debug */ = {
			isa = XCBuildConfiguration;
			buildSettings = {
				PRODUCT_NAME = "$(TARGET_NAME)";
			};
			name = Debug;
		};
		355E215C1AD68D0000867EB0 /* Release */ = {
			isa = XCBuildConfiguration;
			buildSettings = {
				PRODUCT_NAME = "$(TARGET_NAME)";
			};
			name = Release;
		};
/* End XCBuildConfiguration section */

/* Begin XCConfigurationList section */
		355E214E1AD68D0000867EB0 /* Build configuration list for PBXProject "oving11" */ = {
			isa = XCConfigurationList;
			buildConfigurations = (
				355E21581AD68D0000867EB0 /* Debug */,
				355E21591AD68D0000867EB0 /* Release */,
			);
			defaultConfigurationIsVisible = 0;
			defaultConfigurationName = Release;
		};
		355E215A1AD68D0000867EB0 /* Build configuration list for PBXNativeTarget "oving11" */ = {
			isa = XCConfigurationList;
			buildConfigurations = (
				355E215B1AD68D0000867EB0 /* Debug */,
				355E215C1AD68D0000867EB0 /* Release */,
			);
			defaultConfigurationIsVisible = 0;
		};
/* End XCConfigurationList section */
	};
	rootObject = 355E214B1AD68D0000867EB0 /* Project object */;
}
