// !$*UTF8*$!
{
	archiveVersion = 1;
	classes = {
	};
	objectVersion = 46;
	objects = {

/* Begin PBXBuildFile section */
		352C36061AAF21F800D13E42 /* main.cpp in Sources */ = {isa = PBXBuildFile; fileRef = 352C36051AAF21F800D13E42 /* main.cpp */; };
		352C36161AAF225200D13E42 /* minesweeper.cpp in Sources */ = {isa = PBXBuildFile; fileRef = 352C36141AAF225200D13E42 /* minesweeper.cpp */; };
/* End PBXBuildFile section */

/* Begin PBXFileReference section */
		352C36021AAF21F800D13E42 /* oving9-sfml */ = {isa = PBXFileReference; explicitFileType = "compiled.mach-o.executable"; includeInIndex = 0; path = "oving9-sfml"; sourceTree = BUILT_PRODUCTS_DIR; };
		352C36051AAF21F800D13E42 /* main.cpp */ = {isa = PBXFileReference; lastKnownFileType = sourcecode.cpp.cpp; path = main.cpp; sourceTree = "<group>"; };
		352C36141AAF225200D13E42 /* minesweeper.cpp */ = {isa = PBXFileReference; fileEncoding = 4; lastKnownFileType = sourcecode.cpp.cpp; path = minesweeper.cpp; sourceTree = "<group>"; };
		352C36151AAF225200D13E42 /* minesweeper.h */ = {isa = PBXFileReference; fileEncoding = 4; lastKnownFileType = sourcecode.c.h; path = minesweeper.h; sourceTree = "<group>"; };
		352C36171AAF22AB00D13E42 /* sansation.ttf */ = {isa = PBXFileReference; lastKnownFileType = file; name = sansation.ttf; path = ../../../../../../../Downloads/oving08/sansation.ttf; sourceTree = "<group>"; };
/* End PBXFileReference section */

/* Begin PBXFrameworksBuildPhase section */
		352C36001AAF21F800D13E42 /* Frameworks */ = {
			isa = PBXFrameworksBuildPhase;
			buildActionMask = 2147483647;
			files = (
			);
			runOnlyForDeploymentPostprocessing = 0;
		};
/* End PBXFrameworksBuildPhase section */

/* Begin PBXGroup section */
		352C35FA1AAF21F800D13E42 = {
			isa = PBXGroup;
			children = (
				352C36041AAF21F800D13E42 /* oving9-sfml */,
				352C36031AAF21F800D13E42 /* Products */,
			);
			sourceTree = "<group>";
		};
		352C36031AAF21F800D13E42 /* Products */ = {
			isa = PBXGroup;
			children = (
				352C36021AAF21F800D13E42 /* oving9-sfml */,
			);
			name = Products;
			sourceTree = "<group>";
		};
		352C36041AAF21F800D13E42 /* oving9-sfml */ = {
			isa = PBXGroup;
			children = (
				352C36141AAF225200D13E42 /* minesweeper.cpp */,
				352C36151AAF225200D13E42 /* minesweeper.h */,
				352C36051AAF21F800D13E42 /* main.cpp */,
				352C36071AAF21F800D13E42 /* Resources */,
			);
			path = "oving9-sfml";
			sourceTree = "<group>";
		};
		352C36071AAF21F800D13E42 /* Resources */ = {
			isa = PBXGroup;
			children = (
				352C36171AAF22AB00D13E42 /* sansation.ttf */,
			);
			name = Resources;
			sourceTree = "<group>";
		};
/* End PBXGroup section */

/* Begin PBXNativeTarget section */
		352C36011AAF21F800D13E42 /* oving9-sfml */ = {
			isa = PBXNativeTarget;
			buildConfigurationList = 352C360E1AAF21F800D13E42 /* Build configuration list for PBXNativeTarget "oving9-sfml" */;
			buildPhases = (
				352C35FF1AAF21F800D13E42 /* Sources */,
				352C36001AAF21F800D13E42 /* Frameworks */,
			);
			buildRules = (
			);
			dependencies = (
			);
			name = "oving9-sfml";
			productName = "oving9-sfml";
			productReference = 352C36021AAF21F800D13E42 /* oving9-sfml */;
			productType = "com.apple.product-type.tool";
		};
/* End PBXNativeTarget section */

/* Begin PBXProject section */
		352C35FB1AAF21F800D13E42 /* Project object */ = {
			isa = PBXProject;
			attributes = {
				LastUpgradeCheck = 0610;
				ORGANIZATIONNAME = fredrik;
				TargetAttributes = {
					352C36011AAF21F800D13E42 = {
						CreatedOnToolsVersion = 6.1.1;
					};
				};
			};
			buildConfigurationList = 352C35FE1AAF21F800D13E42 /* Build configuration list for PBXProject "oving9-sfml" */;
			compatibilityVersion = "Xcode 3.2";
			developmentRegion = English;
			hasScannedForEncodings = 0;
			knownRegions = (
				en,
			);
			mainGroup = 352C35FA1AAF21F800D13E42;
			productRefGroup = 352C36031AAF21F800D13E42 /* Products */;
			projectDirPath = "";
			projectRoot = "";
			targets = (
				352C36011AAF21F800D13E42 /* oving9-sfml */,
			);
		};
/* End PBXProject section */

/* Begin PBXSourcesBuildPhase section */
		352C35FF1AAF21F800D13E42 /* Sources */ = {
			isa = PBXSourcesBuildPhase;
			buildActionMask = 2147483647;
			files = (
				352C36161AAF225200D13E42 /* minesweeper.cpp in Sources */,
				352C36061AAF21F800D13E42 /* main.cpp in Sources */,
			);
			runOnlyForDeploymentPostprocessing = 0;
		};
/* End PBXSourcesBuildPhase section */

/* Begin XCBuildConfiguration section */
		352C360C1AAF21F800D13E42 /* Debug */ = {
			isa = XCBuildConfiguration;
			buildSettings = {
				ARCHS = (
					i386,
					x86_64,
				);
				CLANG_CXX_LANGUAGE_STANDARD = "c++0x";
				CLANG_CXX_LIBRARY = "libc++";
				FRAMEWORK_SEARCH_PATHS = (
					/Library/Frameworks/,
					"$(inherited)",
				);
				GCC_VERSION = com.apple.compilers.llvm.clang.1_0;
				HEADER_SEARCH_PATHS = (
					/usr/local/include/,
					"$(inherited)",
				);
				LIBRARY_SEARCH_PATHS = (
					/usr/local/lib/,
					"$(inherited)",
				);
				MACOSX_DEPLOYMENT_TARGET = 10.7;
				OTHER_LDFLAGS = (
					"$(inherited)",
					"$(SFML_SYSTEM)",
					"$(SFML_WINDOW)",
					"$(SFML_GRAPHICS)",
					"$(SFML_AUDIO)",
					"$(SFML_NETWORK)",
				);
				SFML_AUDIO = "$(SFML_LINK_PREFIX) sfml-audio$(SFML_LINK_SUFFIX)";
				SFML_BINARY_TYPE = FRAMEWORKS;
				SFML_GRAPHICS = "$(SFML_LINK_PREFIX) sfml-graphics$(SFML_LINK_SUFFIX)";
				SFML_LINK_DYLIBS_PREFIX = "-l";
				SFML_LINK_DYLIBS_SUFFIX = "";
				SFML_LINK_FRAMEWORKS_PREFIX = "-framework";
				SFML_LINK_FRAMEWORKS_SUFFIX = "";
				SFML_LINK_PREFIX = "$(SFML_LINK_$(SFML_BINARY_TYPE)_PREFIX)";
				SFML_LINK_SUFFIX = "$(SFML_LINK_$(SFML_BINARY_TYPE)_SUFFIX)";
				SFML_NETWORK = "$(SFML_LINK_PREFIX) sfml-network$(SFML_LINK_SUFFIX)";
				SFML_SYSTEM = "$(SFML_LINK_PREFIX) sfml-system$(SFML_LINK_SUFFIX)";
				SFML_WINDOW = "$(SFML_LINK_PREFIX) sfml-window$(SFML_LINK_SUFFIX)";
				SUPPORTED_PLATFORMS = macosx;
			};
			name = Debug;
		};
		352C360D1AAF21F800D13E42 /* Release */ = {
			isa = XCBuildConfiguration;
			buildSettings = {
				ARCHS = (
					i386,
					x86_64,
				);
				CLANG_CXX_LANGUAGE_STANDARD = "c++0x";
				CLANG_CXX_LIBRARY = "libc++";
				FRAMEWORK_SEARCH_PATHS = (
					/Library/Frameworks/,
					"$(inherited)",
				);
				GCC_VERSION = com.apple.compilers.llvm.clang.1_0;
				HEADER_SEARCH_PATHS = (
					/usr/local/include/,
					"$(inherited)",
				);
				LIBRARY_SEARCH_PATHS = (
					/usr/local/lib/,
					"$(inherited)",
				);
				MACOSX_DEPLOYMENT_TARGET = 10.7;
				OTHER_LDFLAGS = (
					"$(inherited)",
					"$(SFML_SYSTEM)",
					"$(SFML_WINDOW)",
					"$(SFML_GRAPHICS)",
					"$(SFML_AUDIO)",
					"$(SFML_NETWORK)",
				);
				SFML_AUDIO = "$(SFML_LINK_PREFIX) sfml-audio$(SFML_LINK_SUFFIX)";
				SFML_BINARY_TYPE = FRAMEWORKS;
				SFML_GRAPHICS = "$(SFML_LINK_PREFIX) sfml-graphics$(SFML_LINK_SUFFIX)";
				SFML_LINK_DYLIBS_PREFIX = "-l";
				SFML_LINK_DYLIBS_SUFFIX = "";
				SFML_LINK_FRAMEWORKS_PREFIX = "-framework";
				SFML_LINK_FRAMEWORKS_SUFFIX = "";
				SFML_LINK_PREFIX = "$(SFML_LINK_$(SFML_BINARY_TYPE)_PREFIX)";
				SFML_LINK_SUFFIX = "$(SFML_LINK_$(SFML_BINARY_TYPE)_SUFFIX)";
				SFML_NETWORK = "$(SFML_LINK_PREFIX) sfml-network$(SFML_LINK_SUFFIX)";
				SFML_SYSTEM = "$(SFML_LINK_PREFIX) sfml-system$(SFML_LINK_SUFFIX)";
				SFML_WINDOW = "$(SFML_LINK_PREFIX) sfml-window$(SFML_LINK_SUFFIX)";
				SUPPORTED_PLATFORMS = macosx;
			};
			name = Release;
		};
		352C360F1AAF21F800D13E42 /* Debug */ = {
			isa = XCBuildConfiguration;
			buildSettings = {
				PRODUCT_NAME = "$(TARGET_NAME)";
			};
			name = Debug;
		};
		352C36101AAF21F800D13E42 /* Release */ = {
			isa = XCBuildConfiguration;
			buildSettings = {
				PRODUCT_NAME = "$(TARGET_NAME)";
			};
			name = Release;
		};
/* End XCBuildConfiguration section */

/* Begin XCConfigurationList section */
		352C35FE1AAF21F800D13E42 /* Build configuration list for PBXProject "oving9-sfml" */ = {
			isa = XCConfigurationList;
			buildConfigurations = (
				352C360C1AAF21F800D13E42 /* Debug */,
				352C360D1AAF21F800D13E42 /* Release */,
			);
			defaultConfigurationIsVisible = 0;
			defaultConfigurationName = Release;
		};
		352C360E1AAF21F800D13E42 /* Build configuration list for PBXNativeTarget "oving9-sfml" */ = {
			isa = XCConfigurationList;
			buildConfigurations = (
				352C360F1AAF21F800D13E42 /* Debug */,
				352C36101AAF21F800D13E42 /* Release */,
			);
			defaultConfigurationIsVisible = 0;
		};
/* End XCConfigurationList section */
	};
	rootObject = 352C35FB1AAF21F800D13E42 /* Project object */;
}
