// !$*UTF8*$!
{
	archiveVersion = 1;
	classes = {
	};
	objectVersion = 46;
	objects = {

/* Begin PBXBuildFile section */
		355104601A792C0D00C95250 /* main.cpp in Sources */ = {isa = PBXBuildFile; fileRef = 3551045F1A792C0D00C95250 /* main.cpp */; };
		355104621A792E0900C95250 /* cannonball.cpp in Sources */ = {isa = PBXBuildFile; fileRef = 355104611A792E0900C95250 /* cannonball.cpp */; };
/* End PBXBuildFile section */

/* Begin PBXCopyFilesBuildPhase section */
		355104521A792AD100C95250 /* CopyFiles */ = {
			isa = PBXCopyFilesBuildPhase;
			buildActionMask = 2147483647;
			dstPath = /usr/share/man/man1/;
			dstSubfolderSpec = 0;
			files = (
			);
			runOnlyForDeploymentPostprocessing = 1;
		};
/* End PBXCopyFilesBuildPhase section */

/* Begin PBXFileReference section */
		355104541A792AD100C95250 /* oving2 */ = {isa = PBXFileReference; explicitFileType = "compiled.mach-o.executable"; includeInIndex = 0; path = oving2; sourceTree = BUILT_PRODUCTS_DIR; };
		3551045E1A792AE100C95250 /* cannonball.h */ = {isa = PBXFileReference; lastKnownFileType = sourcecode.c.h; name = cannonball.h; path = ../cannonball.h; sourceTree = "<group>"; };
		3551045F1A792C0D00C95250 /* main.cpp */ = {isa = PBXFileReference; fileEncoding = 4; lastKnownFileType = sourcecode.cpp.cpp; name = main.cpp; path = ../main.cpp; sourceTree = "<group>"; };
		355104611A792E0900C95250 /* cannonball.cpp */ = {isa = PBXFileReference; fileEncoding = 4; lastKnownFileType = sourcecode.cpp.cpp; path = cannonball.cpp; sourceTree = SOURCE_ROOT; };
/* End PBXFileReference section */

/* Begin PBXFrameworksBuildPhase section */
		355104511A792AD100C95250 /* Frameworks */ = {
			isa = PBXFrameworksBuildPhase;
			buildActionMask = 2147483647;
			files = (
			);
			runOnlyForDeploymentPostprocessing = 0;
		};
/* End PBXFrameworksBuildPhase section */

/* Begin PBXGroup section */
		3551044B1A792AD100C95250 = {
			isa = PBXGroup;
			children = (
				355104561A792AD100C95250 /* oving2 */,
				355104551A792AD100C95250 /* Products */,
			);
			sourceTree = "<group>";
		};
		355104551A792AD100C95250 /* Products */ = {
			isa = PBXGroup;
			children = (
				355104541A792AD100C95250 /* oving2 */,
			);
			name = Products;
			sourceTree = "<group>";
		};
		355104561A792AD100C95250 /* oving2 */ = {
			isa = PBXGroup;
			children = (
				3551045F1A792C0D00C95250 /* main.cpp */,
				3551045E1A792AE100C95250 /* cannonball.h */,
				355104611A792E0900C95250 /* cannonball.cpp */,
			);
			path = oving2;
			sourceTree = "<group>";
		};
/* End PBXGroup section */

/* Begin PBXNativeTarget section */
		355104531A792AD100C95250 /* oving2 */ = {
			isa = PBXNativeTarget;
			buildConfigurationList = 3551045B1A792AD100C95250 /* Build configuration list for PBXNativeTarget "oving2" */;
			buildPhases = (
				355104501A792AD100C95250 /* Sources */,
				355104511A792AD100C95250 /* Frameworks */,
				355104521A792AD100C95250 /* CopyFiles */,
			);
			buildRules = (
			);
			dependencies = (
			);
			name = oving2;
			productName = oving2;
			productReference = 355104541A792AD100C95250 /* oving2 */;
			productType = "com.apple.product-type.tool";
		};
/* End PBXNativeTarget section */

/* Begin PBXProject section */
		3551044C1A792AD100C95250 /* Project object */ = {
			isa = PBXProject;
			attributes = {
				LastUpgradeCheck = 0610;
				ORGANIZATIONNAME = fredrik;
				TargetAttributes = {
					355104531A792AD100C95250 = {
						CreatedOnToolsVersion = 6.1.1;
					};
				};
			};
			buildConfigurationList = 3551044F1A792AD100C95250 /* Build configuration list for PBXProject "oving2" */;
			compatibilityVersion = "Xcode 3.2";
			developmentRegion = English;
			hasScannedForEncodings = 0;
			knownRegions = (
				en,
			);
			mainGroup = 3551044B1A792AD100C95250;
			productRefGroup = 355104551A792AD100C95250 /* Products */;
			projectDirPath = "";
			projectRoot = "";
			targets = (
				355104531A792AD100C95250 /* oving2 */,
			);
		};
/* End PBXProject section */

/* Begin PBXSourcesBuildPhase section */
		355104501A792AD100C95250 /* Sources */ = {
			isa = PBXSourcesBuildPhase;
			buildActionMask = 2147483647;
			files = (
				355104601A792C0D00C95250 /* main.cpp in Sources */,
				355104621A792E0900C95250 /* cannonball.cpp in Sources */,
			);
			runOnlyForDeploymentPostprocessing = 0;
		};
/* End PBXSourcesBuildPhase section */

/* Begin XCBuildConfiguration section */
		355104591A792AD100C95250 /* Debug */ = {
			isa = XCBuildConfiguration;
			buildSettings = {
				ALWAYS_SEARCH_USER_PATHS = NO;
				CLANG_CXX_LANGUAGE_STANDARD = "gnu++0x";
				CLANG_CXX_LIBRARY = "libc++";
				CLANG_ENABLE_MODULES = YES;
				CLANG_ENABLE_OBJC_ARC = YES;
				CLANG_WARN_BOOL_CONVERSION = YES;
				CLANG_WARN_CONSTANT_CONVERSION = YES;
				CLANG_WARN_DIRECT_OBJC_ISA_USAGE = YES_ERROR;
				CLANG_WARN_EMPTY_BODY = YES;
				CLANG_WARN_ENUM_CONVERSION = YES;
				CLANG_WARN_INT_CONVERSION = YES;
				CLANG_WARN_OBJC_ROOT_CLASS = YES_ERROR;
				CLANG_WARN_UNREACHABLE_CODE = YES;
				CLANG_WARN__DUPLICATE_METHOD_MATCH = YES;
				COPY_PHASE_STRIP = NO;
				ENABLE_STRICT_OBJC_MSGSEND = YES;
				GCC_C_LANGUAGE_STANDARD = gnu99;
				GCC_DYNAMIC_NO_PIC = NO;
				GCC_OPTIMIZATION_LEVEL = 0;
				GCC_PREPROCESSOR_DEFINITIONS = (
					"DEBUG=1",
					"$(inherited)",
				);
				GCC_SYMBOLS_PRIVATE_EXTERN = NO;
				GCC_WARN_64_TO_32_BIT_CONVERSION = YES;
				GCC_WARN_ABOUT_RETURN_TYPE = YES_ERROR;
				GCC_WARN_UNDECLARED_SELECTOR = YES;
				GCC_WARN_UNINITIALIZED_AUTOS = YES_AGGRESSIVE;
				GCC_WARN_UNUSED_FUNCTION = YES;
				GCC_WARN_UNUSED_VARIABLE = YES;
				MACOSX_DEPLOYMENT_TARGET = 10.10;
				MTL_ENABLE_DEBUG_INFO = YES;
				ONLY_ACTIVE_ARCH = YES;
				SDKROOT = macosx;
			};
			name = Debug;
		};
		3551045A1A792AD100C95250 /* Release */ = {
			isa = XCBuildConfiguration;
			buildSettings = {
				ALWAYS_SEARCH_USER_PATHS = NO;
				CLANG_CXX_LANGUAGE_STANDARD = "gnu++0x";
				CLANG_CXX_LIBRARY = "libc++";
				CLANG_ENABLE_MODULES = YES;
				CLANG_ENABLE_OBJC_ARC = YES;
				CLANG_WARN_BOOL_CONVERSION = YES;
				CLANG_WARN_CONSTANT_CONVERSION = YES;
				CLANG_WARN_DIRECT_OBJC_ISA_USAGE = YES_ERROR;
				CLANG_WARN_EMPTY_BODY = YES;
				CLANG_WARN_ENUM_CONVERSION = YES;
				CLANG_WARN_INT_CONVERSION = YES;
				CLANG_WARN_OBJC_ROOT_CLASS = YES_ERROR;
				CLANG_WARN_UNREACHABLE_CODE = YES;
				CLANG_WARN__DUPLICATE_METHOD_MATCH = YES;
				COPY_PHASE_STRIP = YES;
				DEBUG_INFORMATION_FORMAT = "dwarf-with-dsym";
				ENABLE_NS_ASSERTIONS = NO;
				ENABLE_STRICT_OBJC_MSGSEND = YES;
				GCC_C_LANGUAGE_STANDARD = gnu99;
				GCC_WARN_64_TO_32_BIT_CONVERSION = YES;
				GCC_WARN_ABOUT_RETURN_TYPE = YES_ERROR;
				GCC_WARN_UNDECLARED_SELECTOR = YES;
				GCC_WARN_UNINITIALIZED_AUTOS = YES_AGGRESSIVE;
				GCC_WARN_UNUSED_FUNCTION = YES;
				GCC_WARN_UNUSED_VARIABLE = YES;
				MACOSX_DEPLOYMENT_TARGET = 10.10;
				MTL_ENABLE_DEBUG_INFO = NO;
				SDKROOT = macosx;
			};
			name = Release;
		};
		3551045C1A792AD100C95250 /* Debug */ = {
			isa = XCBuildConfiguration;
			buildSettings = {
				PRODUCT_NAME = "$(TARGET_NAME)";
			};
			name = Debug;
		};
		3551045D1A792AD100C95250 /* Release */ = {
			isa = XCBuildConfiguration;
			buildSettings = {
				PRODUCT_NAME = "$(TARGET_NAME)";
			};
			name = Release;
		};
/* End XCBuildConfiguration section */

/* Begin XCConfigurationList section */
		3551044F1A792AD100C95250 /* Build configuration list for PBXProject "oving2" */ = {
			isa = XCConfigurationList;
			buildConfigurations = (
				355104591A792AD100C95250 /* Debug */,
				3551045A1A792AD100C95250 /* Release */,
			);
			defaultConfigurationIsVisible = 0;
			defaultConfigurationName = Release;
		};
		3551045B1A792AD100C95250 /* Build configuration list for PBXNativeTarget "oving2" */ = {
			isa = XCConfigurationList;
			buildConfigurations = (
				3551045C1A792AD100C95250 /* Debug */,
				3551045D1A792AD100C95250 /* Release */,
			);
			defaultConfigurationIsVisible = 0;
		};
/* End XCConfigurationList section */
	};
	rootObject = 3551044C1A792AD100C95250 /* Project object */;
}
